
Microsoft Visual Studio Solution File, Format Version 12.00
# Visual Studio Version 17
VisualStudioVersion = 17.2.32616.157
MinimumVisualStudioVersion = 10.0.40219.1
Project("{FAE04EC0-301F-11D3-BF4B-00C04F79EFBC}") = "ExpenseTraker", "ExpenseTraker\ExpenseTraker.csproj", "{D5C23E9C-F532-4CFE-85DD-9A3639C1687E}"
EndProject
Global
	GlobalSection(SolutionConfigurationPlatforms) = preSolution
		Debug|Any CPU = Debug|Any CPU
		Release|Any CPU = Release|Any CPU
	EndGlobalSection
	GlobalSection(ProjectConfigurationPlatforms) = postSolution
		{D5C23E9C-F532-4CFE-85DD-9A3639C1687E}.Debug|Any CPU.ActiveCfg = Debug|Any CPU
		{D5C23E9C-F532-4CFE-85DD-9A3639C1687E}.Debug|Any CPU.Build.0 = Debug|Any CPU
		{D5C23E9C-F532-4CFE-85DD-9A3639C1687E}.Release|Any CPU.ActiveCfg = Release|Any CPU
		{D5C23E9C-F532-4CFE-85DD-9A3639C1687E}.Release|Any CPU.Build.0 = Release|Any CPU
	EndGlobalSection
	GlobalSection(SolutionProperties) = preSolution
		HideSolutionNode = FALSE
	EndGlobalSection
	GlobalSection(ExtensibilityGlobals) = postSolution
		SolutionGuid = {BD784912-47FF-478F-AB8C-E510B1FDA5BF}
	EndGlobalSection
EndGlobal
